<Solution>
    <Project Path="SemiPlot/SemiPlot.AppHost/SemiPlot.AppHost.csproj"/>
    <Project Path="SemiPlot/SemiPlot.Core/SemiPlot.Core.csproj"/>
    <Project Path="SemiPlot/SemiPlot.DataSource.Postgres/SemiPlot.DataSource.Postgres.csproj"/>
    <Project Path="SemiPlot/SemiPlot.Tests.Integration/SemiPlot.Tests.Integration.csproj"/>
    <Project Path="SemiPlot/SemiPlot.Tests.Unit/SemiPlot.Tests.Unit.csproj"/>
    <Project Path="SemiPlot/SemiPlot.Tools.ArchiveSeeder/SemiPlot.Tools.ArchiveSeeder.csproj"/>
    <Project Path="SemiPlot/SemiPlot.UI/SemiPlot.UI.csproj"/>
</Solution>
