<Solution>
    <Project Path="SemiPlot/SemiPlot.Core/SemiPlot.Core.csproj"/>
    <Project Path="SemiPlot/SemiPlot.DataSource.Postgres/SemiPlot.DataSource.Postgres.csproj"/>
    <Project Path="SemiPlot/SemiPlot.Tests/SemiPlot.Tests.csproj"/>
    <Project Path="SemiPlot/SemiPlot.Tests.Data/SemiPlot.Tests.Data.csproj"/>
    <Project Path="SemiPlot/SemiPlot.Tests.Journeys/SemiPlot.Tests.Journeys.csproj"/>
    <Project Path="SemiPlot/SemiPlot.Tools.ArchiveSeeder/SemiPlot.Tools.ArchiveSeeder.csproj"/>
    <Project Path="SemiPlot/SemiPlot.UI/SemiPlot.UI.csproj"/>
</Solution>
